# This file is autogenerated, do not edit; changes may be undone by the next 'dep ensure'.


[[projects]]
  digest = "1:76dc72490af7174349349838f2fe118996381b31ea83243812a97e5a0fd5ed55"
  name = "github.com/dgrijalva/jwt-go"
  packages = ["."]
  pruneopts = "UT"
  revision = "06ea1031745cb8b3dab3f6a236daf2b0aa468b7e"
  version = "v3.2.0"

[[projects]]
  digest = "1:36fe9527deed01d2a317617e59304eb2c4ce9f8a24115bcc5c2e37b3aee5bae4"
  name = "github.com/gin-contrib/sse"
  packages = ["."]
  pruneopts = "UT"
  revision = "22d885f9ecc78bf4ee5d72b937e4bbcdc58e8cae"

[[projects]]
  digest = "1:d5083934eb25e45d17f72ffa86cae3814f4a9d6c073c4f16b64147169b245606"
  name = "github.com/gin-gonic/gin"
  packages = [
    ".",
    "binding",
    "json",
    "render",
  ]
  pruneopts = "UT"
  revision = "b869fe1415e4b9eb52f247441830d502aece2d4d"
  version = "v1.3.0"

[[projects]]
  digest = "1:ec6f9bf5e274c833c911923c9193867f3f18788c461f76f05f62bb1510e0ae65"
  name = "github.com/go-sql-driver/mysql"
  packages = ["."]
  pruneopts = "UT"
  revision = "72cd26f257d44c1114970e19afddcd812016007e"
  version = "v1.4.1"

[[projects]]
  digest = "1:6ba96a683441984156b05568b9d31dbc846d3336d21ac220fcc819a367dc1f65"
  name = "github.com/golang/protobuf"
  packages = ["proto"]
  pruneopts = "UT"
  revision = "5a0f697c9ed9d68fef0116532c6e05cfeae00e55"

[[projects]]
  digest = "1:420ec120a74b22e8a967f2a2928d89503e373848c0d4447d16ddbbbef9a9965c"
  name = "github.com/jinzhu/gorm"
  packages = [
    ".",
    "dialects/mysql",
  ]
  pruneopts = "UT"
  revision = "472c70caa40267cb89fd8facb07fe6454b578626"
  version = "v1.9.2"

[[projects]]
  branch = "master"
  digest = "1:fd97437fbb6b7dce04132cf06775bd258cce305c44add58eb55ca86c6c325160"
  name = "github.com/jinzhu/inflection"
  packages = ["."]
  pruneopts = "UT"
  revision = "04140366298a54a039076d798123ffa108fff46c"

[[projects]]
  digest = "1:be97e109f627d3ba8edfef50c9c74f0d0c17cbe3a2e924a8985e4804a894f282"
  name = "github.com/json-iterator/go"
  packages = ["."]
  pruneopts = "UT"
  revision = "36b14963da70d11297d313183d7e6388c8510e1e"
  version = "1.0.0"

[[projects]]
  digest = "1:fa610f9fe6a93f4a75e64c83673dfff9bf1a34bbb21e6102021b6bc7850834a3"
  name = "github.com/mattn/go-isatty"
  packages = ["."]
  pruneopts = "UT"
  revision = "57fdcb988a5c543893cc61bce354a6e24ab70022"

[[projects]]
  digest = "1:6ff1026b8d873d074ddec82ad60bb0eb537dc013f456ef26b63d30beba2f99e7"
  name = "github.com/microcosm-cc/bluemonday"
  packages = ["."]
  pruneopts = "UT"
  revision = "506f3da9b7c86d737e91f16b7431df8635871552"
  version = "v1.0.2"

[[projects]]
  digest = "1:b36a0ede02c4c2aef7df7f91cbbb7bb88a98b5d253509d4f997dda526e50c88c"
  name = "github.com/russross/blackfriday"
  packages = ["."]
  pruneopts = "UT"
  revision = "05f3235734ad95d0016f6a23902f06461fcf567a"
  version = "v1.5.2"

[[projects]]
  digest = "1:274f67cb6fed9588ea2521ecdac05a6d62a8c51c074c1fccc6a49a40ba80e925"
  name = "github.com/satori/go.uuid"
  packages = ["."]
  pruneopts = "UT"
  revision = "f58768cc1a7a7e77a3bd49e98cdd21419399b6a3"
  version = "v1.2.0"

[[projects]]
  digest = "1:c268acaa4a4d94a467980e5e91452eb61c460145765293dc0aed48e5e9919cc6"
  name = "github.com/ugorji/go"
  packages = ["codec"]
  pruneopts = "UT"
  revision = "c88ee250d0221a57af388746f5cf03768c21d6e2"

[[projects]]
  branch = "master"
  digest = "1:9d5b5d543996dd584da1db1e0de1926f3e4c3a8dba0fa2f8db70f3ebee2342e0"
  name = "golang.org/x/crypto"
  packages = [
    "bcrypt",
    "blowfish",
  ]
  pruneopts = "UT"
  revision = "88737f569e3a9c7ab309cdc09a07fe7fc87233c3"

[[projects]]
  branch = "master"
  digest = "1:81e1a7dd1ab100e3ac0ad948e844959a0ebb225ad22849ccfa028503da17caed"
  name = "golang.org/x/net"
  packages = [
    "html",
    "html/atom",
  ]
  pruneopts = "UT"
  revision = "b630fd6fe46bcfc98f989005d8b8ec1400e60a6e"

[[projects]]
  branch = "master"
  digest = "1:e18c1645adfe83d66f80d3676040e478895669f9456ca8bafa6a7290656c1b48"
  name = "golang.org/x/sys"
  packages = ["unix"]
  pruneopts = "UT"
  revision = "81d4e9dc473e5e8c933f2aaeba2a3d81efb9aed2"

[[projects]]
  digest = "1:c25289f43ac4a68d88b02245742347c94f1e108c534dda442188015ff80669b3"
  name = "google.golang.org/appengine"
  packages = ["cloudsql"]
  pruneopts = "UT"
  revision = "54a98f90d1c46b7731eb8fb305d2a321c30ef610"
  version = "v1.5.0"

[[projects]]
  digest = "1:1b4724d3c8125f6044925f02b485b74bfec9905cbf579d95aafd1a6c8f8447d3"
  name = "gopkg.in/go-playground/validator.v8"
  packages = ["."]
  pruneopts = "UT"
  revision = "5f57d2222ad794d0dffb07e664ea05e2ee07d60c"
  version = "v8.18.1"

[[projects]]
  digest = "1:cacb98d52c60c337c2ce95a7af83ba0313a93ce5e73fa9e99a96aff70776b9d3"
  name = "gopkg.in/yaml.v2"
  packages = ["."]
  pruneopts = "UT"
  revision = "a5b47d31c556af34a302ce5d659e6fea44d90de0"

[solve-meta]
  analyzer-name = "dep"
  analyzer-version = 1
  input-imports = [
    "github.com/dgrijalva/jwt-go",
    "github.com/gin-gonic/gin",
    "github.com/jinzhu/gorm",
    "github.com/jinzhu/gorm/dialects/mysql",
    "github.com/microcosm-cc/bluemonday",
    "github.com/russross/blackfriday",
    "github.com/satori/go.uuid",
    "golang.org/x/crypto/bcrypt",
  ]
  solver-name = "gps-cdcl"
  solver-version = 1
